Microsoft Visual Studio Solution File, Format Version 12.00
# Visual Studio Version 17
VisualStudioVersion = 17.5.2.0
MinimumVisualStudioVersion = 10.0.40219.1
Project("{FAE04EC0-301F-11D3-BF4B-00C04F79EFBC}") = "ArtemisDemo", "ArtemisDemo.csproj", "{EE1D0795-837F-B79C-3125-7B590B928878}"
EndProject
Global
	GlobalSection(SolutionConfigurationPlatforms) = preSolution
		Debug|Any CPU = Debug|Any CPU
		Release|Any CPU = Release|Any CPU
	EndGlobalSection
	GlobalSection(ProjectConfigurationPlatforms) = postSolution
		{EE1D0795-837F-B79C-3125-7B590B928878}.Debug|Any CPU.ActiveCfg = Debug|Any CPU
		{EE1D0795-837F-B79C-3125-7B590B928878}.Debug|Any CPU.Build.0 = Debug|Any CPU
		{EE1D0795-837F-B79C-3125-7B590B928878}.Release|Any CPU.ActiveCfg = Release|Any CPU
		{EE1D0795-837F-B79C-3125-7B590B928878}.Release|Any CPU.Build.0 = Release|Any CPU
	EndGlobalSection
	GlobalSection(SolutionProperties) = preSolution
		HideSolutionNode = FALSE
	EndGlobalSection
	GlobalSection(ExtensibilityGlobals) = postSolution
		SolutionGuid = {8124BF15-BCE4-4070-910F-747CF05CC6DB}
	EndGlobalSection
EndGlobal
